// !$*UTF8*$!
{
	archiveVersion = 1;
	classes = {
	};
	objectVersion = 77;
	objects = {

/* Begin PBXBuildFile section */
		1D809C812FA68076007C5537 /* WidgetKit.framework in Frameworks */ = {isa = PBXBuildFile; fileRef = 1D809C802FA68076007C5537 /* WidgetKit.framework */; };
		1D809C832FA68076007C5537 /* SwiftUI.framework in Frameworks */ = {isa = PBXBuildFile; fileRef = 1D809C822FA68076007C5537 /* SwiftUI.framework */; };
		1D809C942FA68077007C5537 /* RecipeWidgetExtension.appex in Embed Foundation Extensions */ = {isa = PBXBuildFile; fileRef = 1D809C7E2FA68076007C5537 /* RecipeWidgetExtension.appex */; settings = {ATTRIBUTES = (RemoveHeadersOnCopy, ); }; };
/* End PBXBuildFile section */

/* Begin PBXContainerItemProxy section */
		1D809C3B2FA67558007C5537 /* PBXContainerItemProxy */ = {
			isa = PBXContainerItemProxy;
			containerPortal = 1D809C1E2FA67556007C5537 /* Project object */;
			proxyType = 1;
			remoteGlobalIDString = 1D809C252FA67556007C5537;
			remoteInfo = RecipeBox;
		};
		1D809C452FA67558007C5537 /* PBXContainerItemProxy */ = {
			isa = PBXContainerItemProxy;
			containerPortal = 1D809C1E2FA67556007C5537 /* Project object */;
			proxyType = 1;
			remoteGlobalIDString = 1D809C252FA67556007C5537;
			remoteInfo = RecipeBox;
		};
		1D809C922FA68077007C5537 /* PBXContainerItemProxy */ = {
			isa = PBXContainerItemProxy;
			containerPortal = 1D809C1E2FA67556007C5537 /* Project object */;
			proxyType = 1;
			remoteGlobalIDString = 1D809C7D2FA68076007C5537;
			remoteInfo = RecipeWidgetExtension;
		};
/* End PBXContainerItemProxy section */

/* Begin PBXCopyFilesBuildPhase section */
		1D809C992FA68077007C5537 /* Embed Foundation Extensions */ = {
			isa = PBXCopyFilesBuildPhase;
			buildActionMask = 2147483647;
			dstPath = "";
			dstSubfolderSpec = 13;
			files = (
				1D809C942FA68077007C5537 /* RecipeWidgetExtension.appex in Embed Foundation Extensions */,
			);
			name = "Embed Foundation Extensions";
			runOnlyForDeploymentPostprocessing = 0;
		};
/* End PBXCopyFilesBuildPhase section */

/* Begin PBXFileReference section */
		1D809C262FA67556007C5537 /* RecipeBox.app */ = {isa = PBXFileReference; explicitFileType = wrapper.application; includeInIndex = 0; path = RecipeBox.app; sourceTree = BUILT_PRODUCTS_DIR; };
		1D809C3A2FA67558007C5537 /* RecipeBoxTests.xctest */ = {isa = PBXFileReference; explicitFileType = wrapper.cfbundle; includeInIndex = 0; path = RecipeBoxTests.xctest; sourceTree = BUILT_PRODUCTS_DIR; };
		1D809C442FA67558007C5537 /* RecipeBoxUITests.xctest */ = {isa = PBXFileReference; explicitFileType = wrapper.cfbundle; includeInIndex = 0; path = RecipeBoxUITests.xctest; sourceTree = BUILT_PRODUCTS_DIR; };
		1D809C7E2FA68076007C5537 /* RecipeWidgetExtension.appex */ = {isa = PBXFileReference; explicitFileType = "wrapper.app-extension"; includeInIndex = 0; path = RecipeWidgetExtension.appex; sourceTree = BUILT_PRODUCTS_DIR; };
		1D809C802FA68076007C5537 /* WidgetKit.framework */ = {isa = PBXFileReference; lastKnownFileType = wrapper.framework; name = WidgetKit.framework; path = System/Library/Frameworks/WidgetKit.framework; sourceTree = SDKROOT; };
		1D809C822FA68076007C5537 /* SwiftUI.framework */ = {isa = PBXFileReference; lastKnownFileType = wrapper.framework; name = SwiftUI.framework; path = System/Library/Frameworks/SwiftUI.framework; sourceTree = SDKROOT; };
		1D809C9A2FA68106007C5537 /* RecipeWidgetExtension.entitlements */ = {isa = PBXFileReference; lastKnownFileType = text.plist.entitlements; path = RecipeWidgetExtension.entitlements; sourceTree = "<group>"; };
/* End PBXFileReference section */

/* Begin PBXFileSystemSynchronizedBuildFileExceptionSet section */
		1D809C4C2FA67558007C5537 /* Exceptions for "RecipeBox" folder in "RecipeBox" target */ = {
			isa = PBXFileSystemSynchronizedBuildFileExceptionSet;
			membershipExceptions = (
				Info.plist,
			);
			target = 1D809C252FA67556007C5537 /* RecipeBox */;
		};
		1D809C982FA68077007C5537 /* Exceptions for "RecipeWidget" folder in "RecipeWidgetExtension" target */ = {
			isa = PBXFileSystemSynchronizedBuildFileExceptionSet;
			membershipExceptions = (
				Info.plist,
			);
			target = 1D809C7D2FA68076007C5537 /* RecipeWidgetExtension */;
		};
		1D809CA12FA681C0007C5537 /* Exceptions for "RecipeBox" folder in "RecipeWidgetExtension" target */ = {
			isa = PBXFileSystemSynchronizedBuildFileExceptionSet;
			membershipExceptions = (
				APP/PersistenceController.swift,
				"Model/Category+CoreDataClass.swift",
				"Model/Ingredient+CoreDataClass.swift",
				"Model/Ingredient+CoreDataProperties.swift",
				"Model/Recipe+CoreDataClass.swift",
				"Model/Recipe+CoreDataProperties.swift",
				"Model/RecipeCategory+CoreDataProperties.swift",
				RecipeBox.xcdatamodeld,
			);
			target = 1D809C7D2FA68076007C5537 /* RecipeWidgetExtension */;
		};
/* End PBXFileSystemSynchronizedBuildFileExceptionSet section */

/* Begin PBXFileSystemSynchronizedRootGroup section */
		1D809C282FA67556007C5537 /* RecipeBox */ = {
			isa = PBXFileSystemSynchronizedRootGroup;
			exceptions = (
				1D809C4C2FA67558007C5537 /* Exceptions for "RecipeBox" folder in "RecipeBox" target */,
				1D809CA12FA681C0007C5537 /* Exceptions for "RecipeBox" folder in "RecipeWidgetExtension" target */,
			);
			path = RecipeBox;
			sourceTree = "<group>";
		};
		1D809C3D2FA67558007C5537 /* RecipeBoxTests */ = {
			isa = PBXFileSystemSynchronizedRootGroup;
			path = RecipeBoxTests;
			sourceTree = "<group>";
		};
		1D809C472FA67558007C5537 /* RecipeBoxUITests */ = {
			isa = PBXFileSystemSynchronizedRootGroup;
			path = RecipeBoxUITests;
			sourceTree = "<group>";
		};
		1D809C842FA68076007C5537 /* RecipeWidget */ = {
			isa = PBXFileSystemSynchronizedRootGroup;
			exceptions = (
				1D809C982FA68077007C5537 /* Exceptions for "RecipeWidget" folder in "RecipeWidgetExtension" target */,
			);
			path = RecipeWidget;
			sourceTree = "<group>";
		};
/* End PBXFileSystemSynchronizedRootGroup section */

/* Begin PBXFrameworksBuildPhase section */
		1D809C232FA67556007C5537 /* Frameworks */ = {
			isa = PBXFrameworksBuildPhase;
			buildActionMask = 2147483647;
			files = (
			);
			runOnlyForDeploymentPostprocessing = 0;
		};
		1D809C372FA67558007C5537 /* Frameworks */ = {
			isa = PBXFrameworksBuildPhase;
			buildActionMask = 2147483647;
			files = (
			);
			runOnlyForDeploymentPostprocessing = 0;
		};
		1D809C412FA67558007C5537 /* Frameworks */ = {
			isa = PBXFrameworksBuildPhase;
			buildActionMask = 2147483647;
			files = (
			);
			runOnlyForDeploymentPostprocessing = 0;
		};
		1D809C7B2FA68076007C5537 /* Frameworks */ = {
			isa = PBXFrameworksBuildPhase;
			buildActionMask = 2147483647;
			files = (
				1D809C832FA68076007C5537 /* SwiftUI.framework in Frameworks */,
				1D809C812FA68076007C5537 /* WidgetKit.framework in Frameworks */,
			);
			runOnlyForDeploymentPostprocessing = 0;
		};
/* End PBXFrameworksBuildPhase section */

/* Begin PBXGroup section */
		1D809C1D2FA67556007C5537 = {
			isa = PBXGroup;
			children = (
				1D809C9A2FA68106007C5537 /* RecipeWidgetExtension.entitlements */,
				1D809C282FA67556007C5537 /* RecipeBox */,
				1D809C3D2FA67558007C5537 /* RecipeBoxTests */,
				1D809C472FA67558007C5537 /* RecipeBoxUITests */,
				1D809C842FA68076007C5537 /* RecipeWidget */,
				1D809C7F2FA68076007C5537 /* Frameworks */,
				1D809C272FA67556007C5537 /* Products */,
			);
			sourceTree = "<group>";
		};
		1D809C272FA67556007C5537 /* Products */ = {
			isa = PBXGroup;
			children = (
				1D809C262FA67556007C5537 /* RecipeBox.app */,
				1D809C3A2FA67558007C5537 /* RecipeBoxTests.xctest */,
				1D809C442FA67558007C5537 /* RecipeBoxUITests.xctest */,
				1D809C7E2FA68076007C5537 /* RecipeWidgetExtension.appex */,
			);
			name = Products;
			sourceTree = "<group>";
		};
		1D809C7F2FA68076007C5537 /* Frameworks */ = {
			isa = PBXGroup;
			children = (
				1D809C802FA68076007C5537 /* WidgetKit.framework */,
				1D809C822FA68076007C5537 /* SwiftUI.framework */,
			);
			name = Frameworks;
			sourceTree = "<group>";
		};
/* End PBXGroup section */

/* Begin PBXNativeTarget section */
		1D809C252FA67556007C5537 /* RecipeBox */ = {
			isa = PBXNativeTarget;
			buildConfigurationList = 1D809C4D2FA67558007C5537 /* Build configuration list for PBXNativeTarget "RecipeBox" */;
			buildPhases = (
				1D809C222FA67556007C5537 /* Sources */,
				1D809C232FA67556007C5537 /* Frameworks */,
				1D809C242FA67556007C5537 /* Resources */,
				1D809C992FA68077007C5537 /* Embed Foundation Extensions */,
			);
			buildRules = (
			);
			dependencies = (
				1D809C932FA68077007C5537 /* PBXTargetDependency */,
			);
			fileSystemSynchronizedGroups = (
				1D809C282FA67556007C5537 /* RecipeBox */,
			);
			name = RecipeBox;
			packageProductDependencies = (
			);
			productName = RecipeBox;
			productReference = 1D809C262FA67556007C5537 /* RecipeBox.app */;
			productType = "com.apple.product-type.application";
		};
		1D809C392FA67558007C5537 /* RecipeBoxTests */ = {
			isa = PBXNativeTarget;
			buildConfigurationList = 1D809C522FA67558007C5537 /* Build configuration list for PBXNativeTarget "RecipeBoxTests" */;
			buildPhases = (
				1D809C362FA67558007C5537 /* Sources */,
				1D809C372FA67558007C5537 /* Frameworks */,
				1D809C382FA67558007C5537 /* Resources */,
			);
			buildRules = (
			);
			dependencies = (
				1D809C3C2FA67558007C5537 /* PBXTargetDependency */,
			);
			fileSystemSynchronizedGroups = (
				1D809C3D2FA67558007C5537 /* RecipeBoxTests */,
			);
			name = RecipeBoxTests;
			packageProductDependencies = (
			);
			productName = RecipeBoxTests;
			productReference = 1D809C3A2FA67558007C5537 /* RecipeBoxTests.xctest */;
			productType = "com.apple.product-type.bundle.unit-test";
		};
		1D809C432FA67558007C5537 /* RecipeBoxUITests */ = {
			isa = PBXNativeTarget;
			buildConfigurationList = 1D809C552FA67558007C5537 /* Build configuration list for PBXNativeTarget "RecipeBoxUITests" */;
			buildPhases = (
				1D809C402FA67558007C5537 /* Sources */,
				1D809C412FA67558007C5537 /* Frameworks */,
				1D809C422FA67558007C5537 /* Resources */,
			);
			buildRules = (
			);
			dependencies = (
				1D809C462FA67558007C5537 /* PBXTargetDependency */,
			);
			fileSystemSynchronizedGroups = (
				1D809C472FA67558007C5537 /* RecipeBoxUITests */,
			);
			name = RecipeBoxUITests;
			packageProductDependencies = (
			);
			productName = RecipeBoxUITests;
			productReference = 1D809C442FA67558007C5537 /* RecipeBoxUITests.xctest */;
			productType = "com.apple.product-type.bundle.ui-testing";
		};
		1D809C7D2FA68076007C5537 /* RecipeWidgetExtension */ = {
			isa = PBXNativeTarget;
			buildConfigurationList = 1D809C952FA68077007C5537 /* Build configuration list for PBXNativeTarget "RecipeWidgetExtension" */;
			buildPhases = (
				1D809C7A2FA68076007C5537 /* Sources */,
				1D809C7B2FA68076007C5537 /* Frameworks */,
				1D809C7C2FA68076007C5537 /* Resources */,
			);
			buildRules = (
			);
			dependencies = (
			);
			fileSystemSynchronizedGroups = (
				1D809C842FA68076007C5537 /* RecipeWidget */,
			);
			name = RecipeWidgetExtension;
			packageProductDependencies = (
			);
			productName = RecipeWidgetExtension;
			productReference = 1D809C7E2FA68076007C5537 /* RecipeWidgetExtension.appex */;
			productType = "com.apple.product-type.app-extension";
		};
/* End PBXNativeTarget section */

/* Begin PBXProject section */
		1D809C1E2FA67556007C5537 /* Project object */ = {
			isa = PBXProject;
			attributes = {
				BuildIndependentTargetsInParallel = 1;
				LastSwiftUpdateCheck = 2640;
				LastUpgradeCheck = 2640;
				TargetAttributes = {
					1D809C252FA67556007C5537 = {
						CreatedOnToolsVersion = 26.4.1;
					};
					1D809C392FA67558007C5537 = {
						CreatedOnToolsVersion = 26.4.1;
						TestTargetID = 1D809C252FA67556007C5537;
					};
					1D809C432FA67558007C5537 = {
						CreatedOnToolsVersion = 26.4.1;
						TestTargetID = 1D809C252FA67556007C5537;
					};
					1D809C7D2FA68076007C5537 = {
						CreatedOnToolsVersion = 26.4.1;
					};
				};
			};
			buildConfigurationList = 1D809C212FA67556007C5537 /* Build configuration list for PBXProject "RecipeBox" */;
			developmentRegion = en;
			hasScannedForEncodings = 0;
			knownRegions = (
				en,
				Base,
			);
			mainGroup = 1D809C1D2FA67556007C5537;
			minimizedProjectReferenceProxies = 1;
			preferredProjectObjectVersion = 77;
			productRefGroup = 1D809C272FA67556007C5537 /* Products */;
			projectDirPath = "";
			projectRoot = "";
			targets = (
				1D809C252FA67556007C5537 /* RecipeBox */,
				1D809C392FA67558007C5537 /* RecipeBoxTests */,
				1D809C432FA67558007C5537 /* RecipeBoxUITests */,
				1D809C7D2FA68076007C5537 /* RecipeWidgetExtension */,
			);
		};
/* End PBXProject section */

/* Begin PBXResourcesBuildPhase section */
		1D809C242FA67556007C5537 /* Resources */ = {
			isa = PBXResourcesBuildPhase;
			buildActionMask = 2147483647;
			files = (
			);
			runOnlyForDeploymentPostprocessing = 0;
		};
		1D809C382FA67558007C5537 /* Resources */ = {
			isa = PBXResourcesBuildPhase;
			buildActionMask = 2147483647;
			files = (
			);
			runOnlyForDeploymentPostprocessing = 0;
		};
		1D809C422FA67558007C5537 /* Resources */ = {
			isa = PBXResourcesBuildPhase;
			buildActionMask = 2147483647;
			files = (
			);
			runOnlyForDeploymentPostprocessing = 0;
		};
		1D809C7C2FA68076007C5537 /* Resources */ = {
			isa = PBXResourcesBuildPhase;
			buildActionMask = 2147483647;
			files = (
			);
			runOnlyForDeploymentPostprocessing = 0;
		};
/* End PBXResourcesBuildPhase section */

/* Begin PBXSourcesBuildPhase section */
		1D809C222FA67556007C5537 /* Sources */ = {
			isa = PBXSourcesBuildPhase;
			buildActionMask = 2147483647;
			files = (
			);
			runOnlyForDeploymentPostprocessing = 0;
		};
		1D809C362FA67558007C5537 /* Sources */ = {
			isa = PBXSourcesBuildPhase;
			buildActionMask = 2147483647;
			files = (
			);
			runOnlyForDeploymentPostprocessing = 0;
		};
		1D809C402FA67558007C5537 /* Sources */ = {
			isa = PBXSourcesBuildPhase;
			buildActionMask = 2147483647;
			files = (
			);
			runOnlyForDeploymentPostprocessing = 0;
		};
		1D809C7A2FA68076007C5537 /* Sources */ = {
			isa = PBXSourcesBuildPhase;
			buildActionMask = 2147483647;
			files = (
			);
			runOnlyForDeploymentPostprocessing = 0;
		};
/* End PBXSourcesBuildPhase section */

/* Begin PBXTargetDependency section */
		1D809C3C2FA67558007C5537 /* PBXTargetDependency */ = {
			isa = PBXTargetDependency;
			target = 1D809C252FA67556007C5537 /* RecipeBox */;
			targetProxy = 1D809C3B2FA67558007C5537 /* PBXContainerItemProxy */;
		};
		1D809C462FA67558007C5537 /* PBXTargetDependency */ = {
			isa = PBXTargetDependency;
			target = 1D809C252FA67556007C5537 /* RecipeBox */;
			targetProxy = 1D809C452FA67558007C5537 /* PBXContainerItemProxy */;
		};
		1D809C932FA68077007C5537 /* PBXTargetDependency */ = {
			isa = PBXTargetDependency;
			target = 1D809C7D2FA68076007C5537 /* RecipeWidgetExtension */;
			targetProxy = 1D809C922FA68077007C5537 /* PBXContainerItemProxy */;
		};
/* End PBXTargetDependency section */

/* Begin XCBuildConfiguration section */
		1D809C4E2FA67558007C5537 /* Debug */ = {
			isa = XCBuildConfiguration;
			buildSettings = {
				ASSETCATALOG_COMPILER_APPICON_NAME = AppIcon;
				ASSETCATALOG_COMPILER_GLOBAL_ACCENT_COLOR_NAME = AccentColor;
				CODE_SIGN_ENTITLEMENTS = RecipeBox/RecipeBox.entitlements;
				CODE_SIGN_STYLE = Automatic;
				CURRENT_PROJECT_VERSION = 1;
				DEVELOPMENT_TEAM = J7WYYK97KY;
				ENABLE_PREVIEWS = YES;
				GENERATE_INFOPLIST_FILE = YES;
				INFOPLIST_FILE = RecipeBox/Info.plist;
				INFOPLIST_KEY_UIApplicationSceneManifest_Generation = YES;
				INFOPLIST_KEY_UIApplicationSupportsIndirectInputEvents = YES;
				INFOPLIST_KEY_UILaunchScreen_Generation = YES;
				INFOPLIST_KEY_UISupportedInterfaceOrientations_iPad = "UIInterfaceOrientationPortrait UIInterfaceOrientationPortraitUpsideDown UIInterfaceOrientationLandscapeLeft UIInterfaceOrientationLandscapeRight";
				INFOPLIST_KEY_UISupportedInterfaceOrientations_iPhone = "UIInterfaceOrientationPortrait UIInterfaceOrientationLandscapeLeft UIInterfaceOrientationLandscapeRight";
				LD_RUNPATH_SEARCH_PATHS = (
					"$(inherited)",
					"@executable_path/Frameworks",
				);
				MARKETING_VERSION = 1.0;
				PRODUCT_BUNDLE_IDENTIFIER = ChetanPurohit.RecipeBox;
				PRODUCT_NAME = "$(TARGET_NAME)";
				STRING_CATALOG_GENERATE_SYMBOLS = YES;
				SWIFT_APPROACHABLE_CONCURRENCY = YES;
				SWIFT_DEFAULT_ACTOR_ISOLATION = MainActor;
				SWIFT_EMIT_LOC_STRINGS = YES;
				SWIFT_UPCOMING_FEATURE_MEMBER_IMPORT_VISIBILITY = YES;
				SWIFT_VERSION = 5.0;
				TARGETED_DEVICE_FAMILY = "1,2";
			};
			name = Debug;
		};
		1D809C4F2FA67558007C5537 /* Release */ = {
			isa = XCBuildConfiguration;
			buildSettings = {
				ASSETCATALOG_COMPILER_APPICON_NAME = AppIcon;
				ASSETCATALOG_COMPILER_GLOBAL_ACCENT_COLOR_NAME = AccentColor;
				CODE_SIGN_ENTITLEMENTS = RecipeBox/RecipeBox.entitlements;
				CODE_SIGN_STYLE = Automatic;
				CURRENT_PROJECT_VERSION = 1;
				DEVELOPMENT_TEAM = J7WYYK97KY;
				ENABLE_PREVIEWS = YES;
				GENERATE_INFOPLIST_FILE = YES;
				INFOPLIST_FILE = RecipeBox/Info.plist;
				INFOPLIST_KEY_UIApplicationSceneManifest_Generation = YES;
				INFOPLIST_KEY_UIApplicationSupportsIndirectInputEvents = YES;
				INFOPLIST_KEY_UILaunchScreen_Generation = YES;
				INFOPLIST_KEY_UISupportedInterfaceOrientations_iPad = "UIInterfaceOrientationPortrait UIInterfaceOrientationPortraitUpsideDown UIInterfaceOrientationLandscapeLeft UIInterfaceOrientationLandscapeRight";
				INFOPLIST_KEY_UISupportedInterfaceOrientations_iPhone = "UIInterfaceOrientationPortrait UIInterfaceOrientationLandscapeLeft UIInterfaceOrientationLandscapeRight";
				LD_RUNPATH_SEARCH_PATHS = (
					"$(inherited)",
					"@executable_path/Frameworks",
				);
				MARKETING_VERSION = 1.0;
				PRODUCT_BUNDLE_IDENTIFIER = ChetanPurohit.RecipeBox;
				PRODUCT_NAME = "$(TARGET_NAME)";
				STRING_CATALOG_GENERATE_SYMBOLS = YES;
				SWIFT_APPROACHABLE_CONCURRENCY = YES;
				SWIFT_DEFAULT_ACTOR_ISOLATION = MainActor;
				SWIFT_EMIT_LOC_STRINGS = YES;
				SWIFT_UPCOMING_FEATURE_MEMBER_IMPORT_VISIBILITY = YES;
				SWIFT_VERSION = 5.0;
				TARGETED_DEVICE_FAMILY = "1,2";
			};
			name = Release;
		};
		1D809C502FA67558007C5537 /* Debug */ = {
			isa = XCBuildConfiguration;
			buildSettings = {
				ALWAYS_SEARCH_USER_PATHS = NO;
				ASSETCATALOG_COMPILER_GENERATE_SWIFT_ASSET_SYMBOL_EXTENSIONS = YES;
				CLANG_ANALYZER_NONNULL = YES;
				CLANG_ANALYZER_NUMBER_OBJECT_CONVERSION = YES_AGGRESSIVE;
				CLANG_CXX_LANGUAGE_STANDARD = "gnu++20";
				CLANG_ENABLE_MODULES = YES;
				CLANG_ENABLE_OBJC_ARC = YES;
				CLANG_ENABLE_OBJC_WEAK = YES;
				CLANG_WARN_BLOCK_CAPTURE_AUTORELEASING = YES;
				CLANG_WARN_BOOL_CONVERSION = YES;
				CLANG_WARN_COMMA = YES;
				CLANG_WARN_CONSTANT_CONVERSION = YES;
				CLANG_WARN_DEPRECATED_OBJC_IMPLEMENTATIONS = YES;
				CLANG_WARN_DIRECT_OBJC_ISA_USAGE = YES_ERROR;
				CLANG_WARN_DOCUMENTATION_COMMENTS = YES;
				CLANG_WARN_EMPTY_BODY = YES;
				CLANG_WARN_ENUM_CONVERSION = YES;
				CLANG_WARN_INFINITE_RECURSION = YES;
				CLANG_WARN_INT_CONVERSION = YES;
				CLANG_WARN_NON_LITERAL_NULL_CONVERSION = YES;
				CLANG_WARN_OBJC_IMPLICIT_RETAIN_SELF = YES;
				CLANG_WARN_OBJC_LITERAL_CONVERSION = YES;
				CLANG_WARN_OBJC_ROOT_CLASS = YES_ERROR;
				CLANG_WARN_QUOTED_INCLUDE_IN_FRAMEWORK_HEADER = YES;
				CLANG_WARN_RANGE_LOOP_ANALYSIS = YES;
				CLANG_WARN_STRICT_PROTOTYPES = YES;
				CLANG_WARN_SUSPICIOUS_MOVE = YES;
				CLANG_WARN_UNGUARDED_AVAILABILITY = YES_AGGRESSIVE;
				CLANG_WARN_UNREACHABLE_CODE = YES;
				CLANG_WARN__DUPLICATE_METHOD_MATCH = YES;
				COPY_PHASE_STRIP = NO;
				DEBUG_INFORMATION_FORMAT = dwarf;
				DEVELOPMENT_TEAM = J7WYYK97KY;
				ENABLE_STRICT_OBJC_MSGSEND = YES;
				ENABLE_TESTABILITY = YES;
				ENABLE_USER_SCRIPT_SANDBOXING = YES;
				GCC_C_LANGUAGE_STANDARD = gnu17;
				GCC_DYNAMIC_NO_PIC = NO;
				GCC_NO_COMMON_BLOCKS = YES;
				GCC_OPTIMIZATION_LEVEL = 0;
				GCC_PREPROCESSOR_DEFINITIONS = (
					"DEBUG=1",
					"$(inherited)",
				);
				GCC_WARN_64_TO_32_BIT_CONVERSION = YES;
				GCC_WARN_ABOUT_RETURN_TYPE = YES_ERROR;
				GCC_WARN_UNDECLARED_SELECTOR = YES;
				GCC_WARN_UNINITIALIZED_AUTOS = YES_AGGRESSIVE;
				GCC_WARN_UNUSED_FUNCTION = YES;
				GCC_WARN_UNUSED_VARIABLE = YES;
				IPHONEOS_DEPLOYMENT_TARGET = 26.4;
				LOCALIZATION_PREFERS_STRING_CATALOGS = YES;
				MTL_ENABLE_DEBUG_INFO = INCLUDE_SOURCE;
				MTL_FAST_MATH = YES;
				ONLY_ACTIVE_ARCH = YES;
				SDKROOT = iphoneos;
				SWIFT_ACTIVE_COMPILATION_CONDITIONS = "DEBUG $(inherited)";
				SWIFT_OPTIMIZATION_LEVEL = "-Onone";
			};
			name = Debug;
		};
		1D809C512FA67558007C5537 /* Release */ = {
			isa = XCBuildConfiguration;
			buildSettings = {
				ALWAYS_SEARCH_USER_PATHS = NO;
				ASSETCATALOG_COMPILER_GENERATE_SWIFT_ASSET_SYMBOL_EXTENSIONS = YES;
				CLANG_ANALYZER_NONNULL = YES;
				CLANG_ANALYZER_NUMBER_OBJECT_CONVERSION = YES_AGGRESSIVE;
				CLANG_CXX_LANGUAGE_STANDARD = "gnu++20";
				CLANG_ENABLE_MODULES = YES;
				CLANG_ENABLE_OBJC_ARC = YES;
				CLANG_ENABLE_OBJC_WEAK = YES;
				CLANG_WARN_BLOCK_CAPTURE_AUTORELEASING = YES;
				CLANG_WARN_BOOL_CONVERSION = YES;
				CLANG_WARN_COMMA = YES;
				CLANG_WARN_CONSTANT_CONVERSION = YES;
				CLANG_WARN_DEPRECATED_OBJC_IMPLEMENTATIONS = YES;
				CLANG_WARN_DIRECT_OBJC_ISA_USAGE = YES_ERROR;
				CLANG_WARN_DOCUMENTATION_COMMENTS = YES;
				CLANG_WARN_EMPTY_BODY = YES;
				CLANG_WARN_ENUM_CONVERSION = YES;
				CLANG_WARN_INFINITE_RECURSION = YES;
				CLANG_WARN_INT_CONVERSION = YES;
				CLANG_WARN_NON_LITERAL_NULL_CONVERSION = YES;
				CLANG_WARN_OBJC_IMPLICIT_RETAIN_SELF = YES;
				CLANG_WARN_OBJC_LITERAL_CONVERSION = YES;
				CLANG_WARN_OBJC_ROOT_CLASS = YES_ERROR;
				CLANG_WARN_QUOTED_INCLUDE_IN_FRAMEWORK_HEADER = YES;
				CLANG_WARN_RANGE_LOOP_ANALYSIS = YES;
				CLANG_WARN_STRICT_PROTOTYPES = YES;
				CLANG_WARN_SUSPICIOUS_MOVE = YES;
				CLANG_WARN_UNGUARDED_AVAILABILITY = YES_AGGRESSIVE;
				CLANG_WARN_UNREACHABLE_CODE = YES;
				CLANG_WARN__DUPLICATE_METHOD_MATCH = YES;
				COPY_PHASE_STRIP = NO;
				DEBUG_INFORMATION_FORMAT = "dwarf-with-dsym";
				DEVELOPMENT_TEAM = J7WYYK97KY;
				ENABLE_NS_ASSERTIONS = NO;
				ENABLE_STRICT_OBJC_MSGSEND = YES;
				ENABLE_USER_SCRIPT_SANDBOXING = YES;
				GCC_C_LANGUAGE_STANDARD = gnu17;
				GCC_NO_COMMON_BLOCKS = YES;
				GCC_WARN_64_TO_32_BIT_CONVERSION = YES;
				GCC_WARN_ABOUT_RETURN_TYPE = YES_ERROR;
				GCC_WARN_UNDECLARED_SELECTOR = YES;
				GCC_WARN_UNINITIALIZED_AUTOS = YES_AGGRESSIVE;
				GCC_WARN_UNUSED_FUNCTION = YES;
				GCC_WARN_UNUSED_VARIABLE = YES;
				IPHONEOS_DEPLOYMENT_TARGET = 26.4;
				LOCALIZATION_PREFERS_STRING_CATALOGS = YES;
				MTL_ENABLE_DEBUG_INFO = NO;
				MTL_FAST_MATH = YES;
				SDKROOT = iphoneos;
				SWIFT_COMPILATION_MODE = wholemodule;
				VALIDATE_PRODUCT = YES;
			};
			name = Release;
		};
		1D809C532FA67558007C5537 /* Debug */ = {
			isa = XCBuildConfiguration;
			buildSettings = {
				BUNDLE_LOADER = "$(TEST_HOST)";
				CODE_SIGN_STYLE = Automatic;
				CURRENT_PROJECT_VERSION = 1;
				DEVELOPMENT_TEAM = J7WYYK97KY;
				GENERATE_INFOPLIST_FILE = YES;
				IPHONEOS_DEPLOYMENT_TARGET = 26.4;
				MARKETING_VERSION = 1.0;
				PRODUCT_BUNDLE_IDENTIFIER = ChetanPurohit.RecipeBoxTests;
				PRODUCT_NAME = "$(TARGET_NAME)";
				STRING_CATALOG_GENERATE_SYMBOLS = NO;
				SWIFT_APPROACHABLE_CONCURRENCY = YES;
				SWIFT_EMIT_LOC_STRINGS = NO;
				SWIFT_UPCOMING_FEATURE_MEMBER_IMPORT_VISIBILITY = YES;
				SWIFT_VERSION = 5.0;
				TARGETED_DEVICE_FAMILY = "1,2";
				TEST_HOST = "$(BUILT_PRODUCTS_DIR)/RecipeBox.app/$(BUNDLE_EXECUTABLE_FOLDER_PATH)/RecipeBox";
			};
			name = Debug;
		};
		1D809C542FA67558007C5537 /* Release */ = {
			isa = XCBuildConfiguration;
			buildSettings = {
				BUNDLE_LOADER = "$(TEST_HOST)";
				CODE_SIGN_STYLE = Automatic;
				CURRENT_PROJECT_VERSION = 1;
				DEVELOPMENT_TEAM = J7WYYK97KY;
				GENERATE_INFOPLIST_FILE = YES;
				IPHONEOS_DEPLOYMENT_TARGET = 26.4;
				MARKETING_VERSION = 1.0;
				PRODUCT_BUNDLE_IDENTIFIER = ChetanPurohit.RecipeBoxTests;
				PRODUCT_NAME = "$(TARGET_NAME)";
				STRING_CATALOG_GENERATE_SYMBOLS = NO;
				SWIFT_APPROACHABLE_CONCURRENCY = YES;
				SWIFT_EMIT_LOC_STRINGS = NO;
				SWIFT_UPCOMING_FEATURE_MEMBER_IMPORT_VISIBILITY = YES;
				SWIFT_VERSION = 5.0;
				TARGETED_DEVICE_FAMILY = "1,2";
				TEST_HOST = "$(BUILT_PRODUCTS_DIR)/RecipeBox.app/$(BUNDLE_EXECUTABLE_FOLDER_PATH)/RecipeBox";
			};
			name = Release;
		};
		1D809C562FA67558007C5537 /* Debug */ = {
			isa = XCBuildConfiguration;
			buildSettings = {
				CODE_SIGN_STYLE = Automatic;
				CURRENT_PROJECT_VERSION = 1;
				DEVELOPMENT_TEAM = J7WYYK97KY;
				GENERATE_INFOPLIST_FILE = YES;
				MARKETING_VERSION = 1.0;
				PRODUCT_BUNDLE_IDENTIFIER = ChetanPurohit.RecipeBoxUITests;
				PRODUCT_NAME = "$(TARGET_NAME)";
				STRING_CATALOG_GENERATE_SYMBOLS = NO;
				SWIFT_APPROACHABLE_CONCURRENCY = YES;
				SWIFT_EMIT_LOC_STRINGS = NO;
				SWIFT_UPCOMING_FEATURE_MEMBER_IMPORT_VISIBILITY = YES;
				SWIFT_VERSION = 5.0;
				TARGETED_DEVICE_FAMILY = "1,2";
				TEST_TARGET_NAME = RecipeBox;
			};
			name = Debug;
		};
		1D809C572FA67558007C5537 /* Release */ = {
			isa = XCBuildConfiguration;
			buildSettings = {
				CODE_SIGN_STYLE = Automatic;
				CURRENT_PROJECT_VERSION = 1;
				DEVELOPMENT_TEAM = J7WYYK97KY;
				GENERATE_INFOPLIST_FILE = YES;
				MARKETING_VERSION = 1.0;
				PRODUCT_BUNDLE_IDENTIFIER = ChetanPurohit.RecipeBoxUITests;
				PRODUCT_NAME = "$(TARGET_NAME)";
				STRING_CATALOG_GENERATE_SYMBOLS = NO;
				SWIFT_APPROACHABLE_CONCURRENCY = YES;
				SWIFT_EMIT_LOC_STRINGS = NO;
				SWIFT_UPCOMING_FEATURE_MEMBER_IMPORT_VISIBILITY = YES;
				SWIFT_VERSION = 5.0;
				TARGETED_DEVICE_FAMILY = "1,2";
				TEST_TARGET_NAME = RecipeBox;
			};
			name = Release;
		};
		1D809C962FA68077007C5537 /* Debug */ = {
			isa = XCBuildConfiguration;
			buildSettings = {
				ASSETCATALOG_COMPILER_GLOBAL_ACCENT_COLOR_NAME = AccentColor;
				ASSETCATALOG_COMPILER_WIDGET_BACKGROUND_COLOR_NAME = WidgetBackground;
				CODE_SIGN_ENTITLEMENTS = RecipeWidgetExtension.entitlements;
				CODE_SIGN_STYLE = Automatic;
				CURRENT_PROJECT_VERSION = 1;
				DEVELOPMENT_TEAM = J7WYYK97KY;
				GENERATE_INFOPLIST_FILE = YES;
				INFOPLIST_FILE = RecipeWidget/Info.plist;
				INFOPLIST_KEY_CFBundleDisplayName = RecipeWidget;
				INFOPLIST_KEY_NSHumanReadableCopyright = "";
				LD_RUNPATH_SEARCH_PATHS = (
					"$(inherited)",
					"@executable_path/Frameworks",
					"@executable_path/../../Frameworks",
				);
				MARKETING_VERSION = 1.0;
				PRODUCT_BUNDLE_IDENTIFIER = ChetanPurohit.RecipeBox.RecipeWidget;
				PRODUCT_NAME = "$(TARGET_NAME)";
				SKIP_INSTALL = YES;
				STRING_CATALOG_GENERATE_SYMBOLS = YES;
				SWIFT_APPROACHABLE_CONCURRENCY = YES;
				SWIFT_EMIT_LOC_STRINGS = YES;
				SWIFT_UPCOMING_FEATURE_MEMBER_IMPORT_VISIBILITY = YES;
				SWIFT_VERSION = 5.0;
				TARGETED_DEVICE_FAMILY = "1,2";
			};
			name = Debug;
		};
		1D809C972FA68077007C5537 /* Release */ = {
			isa = XCBuildConfiguration;
			buildSettings = {
				ASSETCATALOG_COMPILER_GLOBAL_ACCENT_COLOR_NAME = AccentColor;
				ASSETCATALOG_COMPILER_WIDGET_BACKGROUND_COLOR_NAME = WidgetBackground;
				CODE_SIGN_ENTITLEMENTS = RecipeWidgetExtension.entitlements;
				CODE_SIGN_STYLE = Automatic;
				CURRENT_PROJECT_VERSION = 1;
				DEVELOPMENT_TEAM = J7WYYK97KY;
				GENERATE_INFOPLIST_FILE = YES;
				INFOPLIST_FILE = RecipeWidget/Info.plist;
				INFOPLIST_KEY_CFBundleDisplayName = RecipeWidget;
				INFOPLIST_KEY_NSHumanReadableCopyright = "";
				LD_RUNPATH_SEARCH_PATHS = (
					"$(inherited)",
					"@executable_path/Frameworks",
					"@executable_path/../../Frameworks",
				);
				MARKETING_VERSION = 1.0;
				PRODUCT_BUNDLE_IDENTIFIER = ChetanPurohit.RecipeBox.RecipeWidget;
				PRODUCT_NAME = "$(TARGET_NAME)";
				SKIP_INSTALL = YES;
				STRING_CATALOG_GENERATE_SYMBOLS = YES;
				SWIFT_APPROACHABLE_CONCURRENCY = YES;
				SWIFT_EMIT_LOC_STRINGS = YES;
				SWIFT_UPCOMING_FEATURE_MEMBER_IMPORT_VISIBILITY = YES;
				SWIFT_VERSION = 5.0;
				TARGETED_DEVICE_FAMILY = "1,2";
			};
			name = Release;
		};
/* End XCBuildConfiguration section */

/* Begin XCConfigurationList section */
		1D809C212FA67556007C5537 /* Build configuration list for PBXProject "RecipeBox" */ = {
			isa = XCConfigurationList;
			buildConfigurations = (
				1D809C502FA67558007C5537 /* Debug */,
				1D809C512FA67558007C5537 /* Release */,
			);
			defaultConfigurationIsVisible = 0;
			defaultConfigurationName = Release;
		};
		1D809C4D2FA67558007C5537 /* Build configuration list for PBXNativeTarget "RecipeBox" */ = {
			isa = XCConfigurationList;
			buildConfigurations = (
				1D809C4E2FA67558007C5537 /* Debug */,
				1D809C4F2FA67558007C5537 /* Release */,
			);
			defaultConfigurationIsVisible = 0;
			defaultConfigurationName = Release;
		};
		1D809C522FA67558007C5537 /* Build configuration list for PBXNativeTarget "RecipeBoxTests" */ = {
			isa = XCConfigurationList;
			buildConfigurations = (
				1D809C532FA67558007C5537 /* Debug */,
				1D809C542FA67558007C5537 /* Release */,
			);
			defaultConfigurationIsVisible = 0;
			defaultConfigurationName = Release;
		};
		1D809C552FA67558007C5537 /* Build configuration list for PBXNativeTarget "RecipeBoxUITests" */ = {
			isa = XCConfigurationList;
			buildConfigurations = (
				1D809C562FA67558007C5537 /* Debug */,
				1D809C572FA67558007C5537 /* Release */,
			);
			defaultConfigurationIsVisible = 0;
			defaultConfigurationName = Release;
		};
		1D809C952FA68077007C5537 /* Build configuration list for PBXNativeTarget "RecipeWidgetExtension" */ = {
			isa = XCConfigurationList;
			buildConfigurations = (
				1D809C962FA68077007C5537 /* Debug */,
				1D809C972FA68077007C5537 /* Release */,
			);
			defaultConfigurationIsVisible = 0;
			defaultConfigurationName = Release;
		};
/* End XCConfigurationList section */
	};
	rootObject = 1D809C1E2FA67556007C5537 /* Project object */;
}
